
Microsoft Visual Studio Solution File, Format Version 12.00
# Visual Studio Version 17
VisualStudioVersion = 17.3.32901.215
MinimumVisualStudioVersion = 10.0.40219.1
Project("{9A19103F-16F7-4668-BE54-9A1E7A4F7556}") = "AdventOfCode2021", "AdventOfCode2021\AdventOfCode2021.csproj", "{665A9FF5-0B24-4DE5-9507-F9D914C6F90A}"
EndProject
Project("{9A19103F-16F7-4668-BE54-9A1E7A4F7556}") = "Day16", "Day16\Day16.csproj", "{14591441-22FB-446A-8160-4C2B461D71BA}"
EndProject
Project("{9A19103F-16F7-4668-BE54-9A1E7A4F7556}") = "AdventOfCode2021Tests", "AdventOfCode2021Tests\AdventOfCode2021Tests.csproj", "{F1D845A5-48AC-45A8-A97C-E6A5BDCEDD78}"
EndProject
Global
	GlobalSection(SolutionConfigurationPlatforms) = preSolution
		Debug|Any CPU = Debug|Any CPU
		Release|Any CPU = Release|Any CPU
	EndGlobalSection
	GlobalSection(ProjectConfigurationPlatforms) = postSolution
		{665A9FF5-0B24-4DE5-9507-F9D914C6F90A}.Debug|Any CPU.ActiveCfg = Debug|Any CPU
		{665A9FF5-0B24-4DE5-9507-F9D914C6F90A}.Debug|Any CPU.Build.0 = Debug|Any CPU
		{665A9FF5-0B24-4DE5-9507-F9D914C6F90A}.Release|Any CPU.ActiveCfg = Release|Any CPU
		{665A9FF5-0B24-4DE5-9507-F9D914C6F90A}.Release|Any CPU.Build.0 = Release|Any CPU
		{14591441-22FB-446A-8160-4C2B461D71BA}.Debug|Any CPU.ActiveCfg = Debug|Any CPU
		{14591441-22FB-446A-8160-4C2B461D71BA}.Debug|Any CPU.Build.0 = Debug|Any CPU
		{14591441-22FB-446A-8160-4C2B461D71BA}.Release|Any CPU.ActiveCfg = Release|Any CPU
		{14591441-22FB-446A-8160-4C2B461D71BA}.Release|Any CPU.Build.0 = Release|Any CPU
		{F1D845A5-48AC-45A8-A97C-E6A5BDCEDD78}.Debug|Any CPU.ActiveCfg = Debug|Any CPU
		{F1D845A5-48AC-45A8-A97C-E6A5BDCEDD78}.Debug|Any CPU.Build.0 = Debug|Any CPU
		{F1D845A5-48AC-45A8-A97C-E6A5BDCEDD78}.Release|Any CPU.ActiveCfg = Release|Any CPU
		{F1D845A5-48AC-45A8-A97C-E6A5BDCEDD78}.Release|Any CPU.Build.0 = Release|Any CPU
	EndGlobalSection
	GlobalSection(SolutionProperties) = preSolution
		HideSolutionNode = FALSE
	EndGlobalSection
	GlobalSection(ExtensibilityGlobals) = postSolution
		SolutionGuid = {84BFAA70-765E-4FBF-8946-5175669F7DC0}
	EndGlobalSection
EndGlobal
