
Microsoft Visual Studio Solution File, Format Version 12.00
# Visual Studio Version 17
VisualStudioVersion = 17.3.32901.215
MinimumVisualStudioVersion = 10.0.40219.1
Project("{9A19103F-16F7-4668-BE54-9A1E7A4F7556}") = "Day20", "Day20\Day20.csproj", "{38D34CB1-9960-4497-9297-E96D54148AA6}"
EndProject
Project("{9A19103F-16F7-4668-BE54-9A1E7A4F7556}") = "Day21", "Day21\Day21.csproj", "{4ED1CC37-C8D4-4C26-85A1-8D813417DD87}"
EndProject
Project("{9A19103F-16F7-4668-BE54-9A1E7A4F7556}") = "AdventOfCode", "AdventOfCode\AdventOfCode.csproj", "{E8200C00-FEA3-4275-9EF8-8A3E808AD1CF}"
EndProject
Project("{9A19103F-16F7-4668-BE54-9A1E7A4F7556}") = "AdventOfCodeLibrary", "AdventOfCodeLibrary\AdventOfCodeLibrary.csproj", "{01B7898C-132D-486A-BDBD-4C7B9F96B1BB}"
EndProject
Project("{9A19103F-16F7-4668-BE54-9A1E7A4F7556}") = "AdventOfCodeTests", "AdventOfCodeTests\AdventOfCodeTests.csproj", "{AEF4C7B0-8008-445B-9FCB-3A25B43DB28D}"
EndProject
Global
	GlobalSection(SolutionConfigurationPlatforms) = preSolution
		Debug|Any CPU = Debug|Any CPU
		Release|Any CPU = Release|Any CPU
	EndGlobalSection
	GlobalSection(ProjectConfigurationPlatforms) = postSolution
		{38D34CB1-9960-4497-9297-E96D54148AA6}.Debug|Any CPU.ActiveCfg = Debug|Any CPU
		{38D34CB1-9960-4497-9297-E96D54148AA6}.Debug|Any CPU.Build.0 = Debug|Any CPU
		{38D34CB1-9960-4497-9297-E96D54148AA6}.Release|Any CPU.ActiveCfg = Release|Any CPU
		{38D34CB1-9960-4497-9297-E96D54148AA6}.Release|Any CPU.Build.0 = Release|Any CPU
		{4ED1CC37-C8D4-4C26-85A1-8D813417DD87}.Debug|Any CPU.ActiveCfg = Debug|Any CPU
		{4ED1CC37-C8D4-4C26-85A1-8D813417DD87}.Debug|Any CPU.Build.0 = Debug|Any CPU
		{4ED1CC37-C8D4-4C26-85A1-8D813417DD87}.Release|Any CPU.ActiveCfg = Release|Any CPU
		{4ED1CC37-C8D4-4C26-85A1-8D813417DD87}.Release|Any CPU.Build.0 = Release|Any CPU
		{E8200C00-FEA3-4275-9EF8-8A3E808AD1CF}.Debug|Any CPU.ActiveCfg = Debug|Any CPU
		{E8200C00-FEA3-4275-9EF8-8A3E808AD1CF}.Debug|Any CPU.Build.0 = Debug|Any CPU
		{E8200C00-FEA3-4275-9EF8-8A3E808AD1CF}.Release|Any CPU.ActiveCfg = Release|Any CPU
		{E8200C00-FEA3-4275-9EF8-8A3E808AD1CF}.Release|Any CPU.Build.0 = Release|Any CPU
		{01B7898C-132D-486A-BDBD-4C7B9F96B1BB}.Debug|Any CPU.ActiveCfg = Debug|Any CPU
		{01B7898C-132D-486A-BDBD-4C7B9F96B1BB}.Debug|Any CPU.Build.0 = Debug|Any CPU
		{01B7898C-132D-486A-BDBD-4C7B9F96B1BB}.Release|Any CPU.ActiveCfg = Release|Any CPU
		{01B7898C-132D-486A-BDBD-4C7B9F96B1BB}.Release|Any CPU.Build.0 = Release|Any CPU
		{AEF4C7B0-8008-445B-9FCB-3A25B43DB28D}.Debug|Any CPU.ActiveCfg = Debug|Any CPU
		{AEF4C7B0-8008-445B-9FCB-3A25B43DB28D}.Debug|Any CPU.Build.0 = Debug|Any CPU
		{AEF4C7B0-8008-445B-9FCB-3A25B43DB28D}.Release|Any CPU.ActiveCfg = Release|Any CPU
		{AEF4C7B0-8008-445B-9FCB-3A25B43DB28D}.Release|Any CPU.Build.0 = Release|Any CPU
	EndGlobalSection
	GlobalSection(SolutionProperties) = preSolution
		HideSolutionNode = FALSE
	EndGlobalSection
	GlobalSection(ExtensibilityGlobals) = postSolution
		SolutionGuid = {84BFAA70-765E-4FBF-8946-5175669F7DC0}
	EndGlobalSection
EndGlobal
