
Microsoft Visual Studio Solution File, Format Version 12.00
# Visual Studio Version 17
VisualStudioVersion = 17.3.32901.215
MinimumVisualStudioVersion = 10.0.40219.1
Project("{9A19103F-16F7-4668-BE54-9A1E7A4F7556}") = "AdventOfCode2021", "AdventOfCode2021\AdventOfCode2021.csproj", "{665A9FF5-0B24-4DE5-9507-F9D914C6F90A}"
EndProject
Project("{9A19103F-16F7-4668-BE54-9A1E7A4F7556}") = "Day16", "Day16\Day16.csproj", "{14591441-22FB-446A-8160-4C2B461D71BA}"
EndProject
Project("{9A19103F-16F7-4668-BE54-9A1E7A4F7556}") = "AdventOfCode2021Tests", "AdventOfCode2021Tests\AdventOfCode2021Tests.csproj", "{F1D845A5-48AC-45A8-A97C-E6A5BDCEDD78}"
EndProject
Project("{9A19103F-16F7-4668-BE54-9A1E7A4F7556}") = "Day17", "Day17\Day17.csproj", "{3CB612E4-284D-48B2-879E-59EDB311544A}"
EndProject
Project("{9A19103F-16F7-4668-BE54-9A1E7A4F7556}") = "Day18", "Day18\Day18.csproj", "{408FC919-6C30-4585-AF56-5B7D563AC824}"
EndProject
Project("{FAE04EC0-301F-11D3-BF4B-00C04F79EFBC}") = "Day19", "Day19\Day19.csproj", "{CC151057-1D5D-463E-B363-78F2F88FA069}"
EndProject
Global
	GlobalSection(SolutionConfigurationPlatforms) = preSolution
		Debug|Any CPU = Debug|Any CPU
		Release|Any CPU = Release|Any CPU
	EndGlobalSection
	GlobalSection(ProjectConfigurationPlatforms) = postSolution
		{665A9FF5-0B24-4DE5-9507-F9D914C6F90A}.Debug|Any CPU.ActiveCfg = Debug|Any CPU
		{665A9FF5-0B24-4DE5-9507-F9D914C6F90A}.Debug|Any CPU.Build.0 = Debug|Any CPU
		{665A9FF5-0B24-4DE5-9507-F9D914C6F90A}.Release|Any CPU.ActiveCfg = Release|Any CPU
		{665A9FF5-0B24-4DE5-9507-F9D914C6F90A}.Release|Any CPU.Build.0 = Release|Any CPU
		{14591441-22FB-446A-8160-4C2B461D71BA}.Debug|Any CPU.ActiveCfg = Debug|Any CPU
		{14591441-22FB-446A-8160-4C2B461D71BA}.Debug|Any CPU.Build.0 = Debug|Any CPU
		{14591441-22FB-446A-8160-4C2B461D71BA}.Release|Any CPU.ActiveCfg = Release|Any CPU
		{14591441-22FB-446A-8160-4C2B461D71BA}.Release|Any CPU.Build.0 = Release|Any CPU
		{F1D845A5-48AC-45A8-A97C-E6A5BDCEDD78}.Debug|Any CPU.ActiveCfg = Debug|Any CPU
		{F1D845A5-48AC-45A8-A97C-E6A5BDCEDD78}.Debug|Any CPU.Build.0 = Debug|Any CPU
		{F1D845A5-48AC-45A8-A97C-E6A5BDCEDD78}.Release|Any CPU.ActiveCfg = Release|Any CPU
		{F1D845A5-48AC-45A8-A97C-E6A5BDCEDD78}.Release|Any CPU.Build.0 = Release|Any CPU
		{3CB612E4-284D-48B2-879E-59EDB311544A}.Debug|Any CPU.ActiveCfg = Debug|Any CPU
		{3CB612E4-284D-48B2-879E-59EDB311544A}.Debug|Any CPU.Build.0 = Debug|Any CPU
		{3CB612E4-284D-48B2-879E-59EDB311544A}.Release|Any CPU.ActiveCfg = Release|Any CPU
		{3CB612E4-284D-48B2-879E-59EDB311544A}.Release|Any CPU.Build.0 = Release|Any CPU
		{408FC919-6C30-4585-AF56-5B7D563AC824}.Debug|Any CPU.ActiveCfg = Debug|Any CPU
		{408FC919-6C30-4585-AF56-5B7D563AC824}.Debug|Any CPU.Build.0 = Debug|Any CPU
		{408FC919-6C30-4585-AF56-5B7D563AC824}.Release|Any CPU.ActiveCfg = Release|Any CPU
		{408FC919-6C30-4585-AF56-5B7D563AC824}.Release|Any CPU.Build.0 = Release|Any CPU
		{CC151057-1D5D-463E-B363-78F2F88FA069}.Debug|Any CPU.ActiveCfg = Debug|Any CPU
		{CC151057-1D5D-463E-B363-78F2F88FA069}.Debug|Any CPU.Build.0 = Debug|Any CPU
		{CC151057-1D5D-463E-B363-78F2F88FA069}.Release|Any CPU.ActiveCfg = Release|Any CPU
		{CC151057-1D5D-463E-B363-78F2F88FA069}.Release|Any CPU.Build.0 = Release|Any CPU
	EndGlobalSection
	GlobalSection(SolutionProperties) = preSolution
		HideSolutionNode = FALSE
	EndGlobalSection
	GlobalSection(ExtensibilityGlobals) = postSolution
		SolutionGuid = {84BFAA70-765E-4FBF-8946-5175669F7DC0}
	EndGlobalSection
EndGlobal
